
Microsoft Visual Studio Solution File, Format Version 12.00
# Visual Studio Version 17
VisualStudioVersion = 17.6.33723.286
MinimumVisualStudioVersion = 10.0.40219.1
Project("{FAE04EC0-301F-11D3-BF4B-00C04F79EFBC}") = "Program1", "Program1.csproj", "{65D35EDD-0611-4AD9-843C-25797EE57C10}"
EndProject
Global
	GlobalSection(SolutionConfigurationPlatforms) = preSolution
		Debug|Any CPU = Debug|Any CPU
		Release|Any CPU = Release|Any CPU
	EndGlobalSection
	GlobalSection(ProjectConfigurationPlatforms) = postSolution
		{65D35EDD-0611-4AD9-843C-25797EE57C10}.Debug|Any CPU.ActiveCfg = Debug|Any CPU
		{65D35EDD-0611-4AD9-843C-25797EE57C10}.Debug|Any CPU.Build.0 = Debug|Any CPU
		{65D35EDD-0611-4AD9-843C-25797EE57C10}.Release|Any CPU.ActiveCfg = Release|Any CPU
		{65D35EDD-0611-4AD9-843C-25797EE57C10}.Release|Any CPU.Build.0 = Release|Any CPU
	EndGlobalSection
	GlobalSection(SolutionProperties) = preSolution
		HideSolutionNode = FALSE
	EndGlobalSection
	GlobalSection(ExtensibilityGlobals) = postSolution
		SolutionGuid = {650AA7D3-7F7E-4E6F-A3BC-C8C625A74937}
	EndGlobalSection
EndGlobal
