
Microsoft Visual Studio Solution File, Format Version 12.00
# Visual Studio Version 17
VisualStudioVersion = 17.6.33723.286
MinimumVisualStudioVersion = 10.0.40219.1
Project("{9A19103F-16F7-4668-BE54-9A1E7A4F7556}") = "Program3", "Program3.csproj", "{FCBC8DC0-0B68-4654-8D9C-5EB3F156EEC9}"
EndProject
Project("{FAE04EC0-301F-11D3-BF4B-00C04F79EFBC}") = "Program4", "..\Program4\Program4.csproj", "{3E1F48BE-C981-420F-859D-B6E6927793F9}"
EndProject
Global
	GlobalSection(SolutionConfigurationPlatforms) = preSolution
		Debug|Any CPU = Debug|Any CPU
		Release|Any CPU = Release|Any CPU
	EndGlobalSection
	GlobalSection(ProjectConfigurationPlatforms) = postSolution
		{FCBC8DC0-0B68-4654-8D9C-5EB3F156EEC9}.Debug|Any CPU.ActiveCfg = Debug|Any CPU
		{FCBC8DC0-0B68-4654-8D9C-5EB3F156EEC9}.Debug|Any CPU.Build.0 = Debug|Any CPU
		{FCBC8DC0-0B68-4654-8D9C-5EB3F156EEC9}.Release|Any CPU.ActiveCfg = Release|Any CPU
		{FCBC8DC0-0B68-4654-8D9C-5EB3F156EEC9}.Release|Any CPU.Build.0 = Release|Any CPU
		{3E1F48BE-C981-420F-859D-B6E6927793F9}.Debug|Any CPU.ActiveCfg = Debug|Any CPU
		{3E1F48BE-C981-420F-859D-B6E6927793F9}.Debug|Any CPU.Build.0 = Debug|Any CPU
		{3E1F48BE-C981-420F-859D-B6E6927793F9}.Release|Any CPU.ActiveCfg = Release|Any CPU
		{3E1F48BE-C981-420F-859D-B6E6927793F9}.Release|Any CPU.Build.0 = Release|Any CPU
	EndGlobalSection
	GlobalSection(SolutionProperties) = preSolution
		HideSolutionNode = FALSE
	EndGlobalSection
	GlobalSection(ExtensibilityGlobals) = postSolution
		SolutionGuid = {D2BC2D1A-A829-4371-BC64-7EB79CEB0326}
	EndGlobalSection
EndGlobal
